
Microsoft Visual Studio Solution File, Format Version 11.00
# Visual Studio 2010
Project("{FAE04EC0-301F-11D3-BF4B-00C04F79EFBC}") = "Ex03.GarageLogic", "Project1\Ex03.GarageLogic.csproj", "{B57B3E1E-4613-492B-9069-9D1E4AEB9DF0}"
EndProject
Project("{FAE04EC0-301F-11D3-BF4B-00C04F79EFBC}") = "Ex03.GarageManagementSystem.ConsolUI", "Ex03.GarageManagementSystem.ConsolUI\Ex03.GarageManagementSystem.ConsolUI.csproj", "{C3FA08E3-D671-40FF-8115-200808A66C5C}"
EndProject
Global
	GlobalSection(SolutionConfigurationPlatforms) = preSolution
		Debug|x86 = Debug|x86
		Release|x86 = Release|x86
	EndGlobalSection
	GlobalSection(ProjectConfigurationPlatforms) = postSolution
		{B57B3E1E-4613-492B-9069-9D1E4AEB9DF0}.Debug|x86.ActiveCfg = Debug|x86
		{B57B3E1E-4613-492B-9069-9D1E4AEB9DF0}.Debug|x86.Build.0 = Debug|x86
		{B57B3E1E-4613-492B-9069-9D1E4AEB9DF0}.Release|x86.ActiveCfg = Release|x86
		{B57B3E1E-4613-492B-9069-9D1E4AEB9DF0}.Release|x86.Build.0 = Release|x86
		{C3FA08E3-D671-40FF-8115-200808A66C5C}.Debug|x86.ActiveCfg = Debug|x86
		{C3FA08E3-D671-40FF-8115-200808A66C5C}.Debug|x86.Build.0 = Debug|x86
		{C3FA08E3-D671-40FF-8115-200808A66C5C}.Release|x86.ActiveCfg = Release|x86
		{C3FA08E3-D671-40FF-8115-200808A66C5C}.Release|x86.Build.0 = Release|x86
	EndGlobalSection
	GlobalSection(SolutionProperties) = preSolution
		HideSolutionNode = FALSE
	EndGlobalSection
EndGlobal
